
Microsoft Visual Studio Solution File, Format Version 12.00
# Visual Studio Version 16
VisualStudioVersion = 16.0.31605.320
MinimumVisualStudioVersion = 10.0.40219.1
Project("{9A19103F-16F7-4668-BE54-9A1E7A4F7556}") = "BasicProgramming", "BasicProgramming\BasicProgramming.csproj", "{29CA35D5-9979-4962-B443-873072E6ECBD}"
EndProject
Project("{F184B08F-C81C-45F6-A57F-5ABD9991F28F}") = "RomanNumber", "RomanNumber\RomanNumber.vbproj", "{1B06CA5E-56FF-4BC6-A841-A26C5D2CDC50}"
EndProject
Global
	GlobalSection(SolutionConfigurationPlatforms) = preSolution
		Debug|Any CPU = Debug|Any CPU
		Release|Any CPU = Release|Any CPU
	EndGlobalSection
	GlobalSection(ProjectConfigurationPlatforms) = postSolution
		{29CA35D5-9979-4962-B443-873072E6ECBD}.Debug|Any CPU.ActiveCfg = Debug|Any CPU
		{29CA35D5-9979-4962-B443-873072E6ECBD}.Debug|Any CPU.Build.0 = Debug|Any CPU
		{29CA35D5-9979-4962-B443-873072E6ECBD}.Release|Any CPU.ActiveCfg = Release|Any CPU
		{29CA35D5-9979-4962-B443-873072E6ECBD}.Release|Any CPU.Build.0 = Release|Any CPU
		{1B06CA5E-56FF-4BC6-A841-A26C5D2CDC50}.Debug|Any CPU.ActiveCfg = Debug|Any CPU
		{1B06CA5E-56FF-4BC6-A841-A26C5D2CDC50}.Debug|Any CPU.Build.0 = Debug|Any CPU
		{1B06CA5E-56FF-4BC6-A841-A26C5D2CDC50}.Release|Any CPU.ActiveCfg = Release|Any CPU
		{1B06CA5E-56FF-4BC6-A841-A26C5D2CDC50}.Release|Any CPU.Build.0 = Release|Any CPU
	EndGlobalSection
	GlobalSection(SolutionProperties) = preSolution
		HideSolutionNode = FALSE
	EndGlobalSection
	GlobalSection(ExtensibilityGlobals) = postSolution
		SolutionGuid = {C0DB8AC6-81E6-4999-9DB6-73C01F506FBB}
	EndGlobalSection
EndGlobal
